
Microsoft Visual Studio Solution File, Format Version 12.00
# Visual Studio 15
VisualStudioVersion = 15.0.26730.16
MinimumVisualStudioVersion = 10.0.40219.1
Project("{FAE04EC0-301F-11D3-BF4B-00C04F79EFBC}") = "Pendu", "Pendu\Pendu.csproj", "{CC42E9FB-22F2-4530-8650-5F1305B7649B}"
EndProject
Project("{FAE04EC0-301F-11D3-BF4B-00C04F79EFBC}") = "Pendu.Tests", "Pendu.Tests\Pendu.Tests.csproj", "{C2E0C3D1-8C85-4E34-83A5-63DA62D78075}"
EndProject
Global
	GlobalSection(SolutionConfigurationPlatforms) = preSolution
		Debug|Any CPU = Debug|Any CPU
		Release|Any CPU = Release|Any CPU
	EndGlobalSection
	GlobalSection(ProjectConfigurationPlatforms) = postSolution
		{CC42E9FB-22F2-4530-8650-5F1305B7649B}.Debug|Any CPU.ActiveCfg = Debug|Any CPU
		{CC42E9FB-22F2-4530-8650-5F1305B7649B}.Debug|Any CPU.Build.0 = Debug|Any CPU
		{CC42E9FB-22F2-4530-8650-5F1305B7649B}.Release|Any CPU.ActiveCfg = Release|Any CPU
		{CC42E9FB-22F2-4530-8650-5F1305B7649B}.Release|Any CPU.Build.0 = Release|Any CPU
		{C2E0C3D1-8C85-4E34-83A5-63DA62D78075}.Debug|Any CPU.ActiveCfg = Debug|Any CPU
		{C2E0C3D1-8C85-4E34-83A5-63DA62D78075}.Debug|Any CPU.Build.0 = Debug|Any CPU
		{C2E0C3D1-8C85-4E34-83A5-63DA62D78075}.Release|Any CPU.ActiveCfg = Release|Any CPU
		{C2E0C3D1-8C85-4E34-83A5-63DA62D78075}.Release|Any CPU.Build.0 = Release|Any CPU
	EndGlobalSection
	GlobalSection(SolutionProperties) = preSolution
		HideSolutionNode = FALSE
	EndGlobalSection
	GlobalSection(ExtensibilityGlobals) = postSolution
		SolutionGuid = {34FA26E5-596E-4882-983C-EB3274875BF1}
	EndGlobalSection
EndGlobal
